{
  "name": "artist-escrow",
  "version": "0.1.0",
  "lockfileVersion": 3,
  "requires": true,
  "packages": {
    "": {
      "name": "artist-escrow",
      "version": "0.1.0",
      "license": "UNLICENSED",
      "workspaces": [
        "apps/*"
      ],
      "engines": {
        "node": ">=20"
      }
    },
    "apps/backend": {
      "name": "@artist-escrow/backend",
      "version": "0.1.0",
      "engines": {
        "node": ">=20"
      }
    },
    "apps/web": {
      "name": "@artist-escrow/web",
      "version": "0.1.0",
      "engines": {
        "node": ">=20"
      }
    },
    "node_modules/@artist-escrow/backend": {
      "resolved": "apps/backend",
      "link": true
    },
    "node_modules/@artist-escrow/web": {
      "resolved": "apps/web",
      "link": true
    }
  }
}
